
Microsoft Visual Studio Solution File, Format Version 12.00
# Visual Studio Version 17
VisualStudioVersion = 17.7.34031.279
MinimumVisualStudioVersion = 10.0.40219.1
Project("{FAE04EC0-301F-11D3-BF4B-00C04F79EFBC}") = "Task 3(week 2 , array)", "Task 3(week 2 , array)\Task 3(week 2 , array).csproj", "{4AD030EA-5714-4548-B484-3B9EB6C6A9DE}"
EndProject
Global
	GlobalSection(SolutionConfigurationPlatforms) = preSolution
		Debug|Any CPU = Debug|Any CPU
		Release|Any CPU = Release|Any CPU
	EndGlobalSection
	GlobalSection(ProjectConfigurationPlatforms) = postSolution
		{4AD030EA-5714-4548-B484-3B9EB6C6A9DE}.Debug|Any CPU.ActiveCfg = Debug|Any CPU
		{4AD030EA-5714-4548-B484-3B9EB6C6A9DE}.Debug|Any CPU.Build.0 = Debug|Any CPU
		{4AD030EA-5714-4548-B484-3B9EB6C6A9DE}.Release|Any CPU.ActiveCfg = Release|Any CPU
		{4AD030EA-5714-4548-B484-3B9EB6C6A9DE}.Release|Any CPU.Build.0 = Release|Any CPU
	EndGlobalSection
	GlobalSection(SolutionProperties) = preSolution
		HideSolutionNode = FALSE
	EndGlobalSection
	GlobalSection(ExtensibilityGlobals) = postSolution
		SolutionGuid = {20E672AA-EB4C-4ADA-8F07-C88650CF15C8}
	EndGlobalSection
EndGlobal
